
Microsoft Visual Studio Solution File, Format Version 12.00
# Visual Studio 15
VisualStudioVersion = 15.0.28307.902
MinimumVisualStudioVersion = 10.0.40219.1
Project("{9A19103F-16F7-4668-BE54-9A1E7A4F7556}") = "ExamenOneCore.Entity", "ExamenOneCore.Entitie\ExamenOneCore.Entity.csproj", "{93A9D5F8-6FF8-4E77-9C09-C4DDBB9A5210}"
EndProject
Project("{9A19103F-16F7-4668-BE54-9A1E7A4F7556}") = "ExamenOneCore.Web", "ExamenOneCore.Web\ExamenOneCore.Web.csproj", "{B5714B64-5854-45D6-9474-65A39D2C4BA4}"
EndProject
Project("{E53339B2-1760-4266-BCC7-CA923CBCF16C}") = "docker-compose", "docker-compose.dcproj", "{890117F6-EF58-412C-A451-3B13F114D86F}"
EndProject
Global
	GlobalSection(SolutionConfigurationPlatforms) = preSolution
		Debug|Any CPU = Debug|Any CPU
		Release|Any CPU = Release|Any CPU
	EndGlobalSection
	GlobalSection(ProjectConfigurationPlatforms) = postSolution
		{93A9D5F8-6FF8-4E77-9C09-C4DDBB9A5210}.Debug|Any CPU.ActiveCfg = Debug|Any CPU
		{93A9D5F8-6FF8-4E77-9C09-C4DDBB9A5210}.Debug|Any CPU.Build.0 = Debug|Any CPU
		{93A9D5F8-6FF8-4E77-9C09-C4DDBB9A5210}.Release|Any CPU.ActiveCfg = Release|Any CPU
		{93A9D5F8-6FF8-4E77-9C09-C4DDBB9A5210}.Release|Any CPU.Build.0 = Release|Any CPU
		{B5714B64-5854-45D6-9474-65A39D2C4BA4}.Debug|Any CPU.ActiveCfg = Debug|Any CPU
		{B5714B64-5854-45D6-9474-65A39D2C4BA4}.Debug|Any CPU.Build.0 = Debug|Any CPU
		{B5714B64-5854-45D6-9474-65A39D2C4BA4}.Release|Any CPU.ActiveCfg = Release|Any CPU
		{B5714B64-5854-45D6-9474-65A39D2C4BA4}.Release|Any CPU.Build.0 = Release|Any CPU
		{890117F6-EF58-412C-A451-3B13F114D86F}.Debug|Any CPU.ActiveCfg = Debug|Any CPU
		{890117F6-EF58-412C-A451-3B13F114D86F}.Debug|Any CPU.Build.0 = Debug|Any CPU
		{890117F6-EF58-412C-A451-3B13F114D86F}.Release|Any CPU.ActiveCfg = Release|Any CPU
		{890117F6-EF58-412C-A451-3B13F114D86F}.Release|Any CPU.Build.0 = Release|Any CPU
	EndGlobalSection
	GlobalSection(SolutionProperties) = preSolution
		HideSolutionNode = FALSE
	EndGlobalSection
	GlobalSection(ExtensibilityGlobals) = postSolution
		SolutionGuid = {44251268-3C66-4062-9CFA-D8971806BB2A}
	EndGlobalSection
EndGlobal
